{
  "nodes": {
    "dropmenu": {
      "inputs": {
        "lg": [
          "lg"
        ],
        "nixpkgs": [
          "nixpkgs"
        ]
      },
      "locked": {
        "lastModified": 1777801776,
        "narHash": "sha256-Tk2brDZfIa0QWNBdfU5v53BkHfJtI/i91ZUwrvaQo4A=",
        "owner": "lifantsev",
        "repo": "dropmenu",
        "rev": "24501214b2db82482bc14e57d77840562bc86d96",
        "type": "github"
      },
      "original": {
        "owner": "lifantsev",
        "repo": "dropmenu",
        "type": "github"
      }
    },
    "flake-parts": {
      "inputs": {
        "nixpkgs-lib": [
          "lifantsev-nixvim",
          "nixvim",
          "nixpkgs"
        ]
      },
      "locked": {
        "lastModified": 1768135262,
        "narHash": "sha256-PVvu7OqHBGWN16zSi6tEmPwwHQ4rLPU9Plvs8/1TUBY=",
        "owner": "hercules-ci",
        "repo": "flake-parts",
        "rev": "80daad04eddbbf5a4d883996a73f3f542fa437ac",
        "type": "github"
      },
      "original": {
        "owner": "hercules-ci",
        "repo": "flake-parts",
        "type": "github"
      }
    },
    "flake-utils": {
      "inputs": {
        "systems": "systems"
      },
      "locked": {
        "lastModified": 1731533236,
        "narHash": "sha256-l0KFg5HjrsfsO/JpG+r7fRrqm12kzFHyUHqHCVpMMbI=",
        "owner": "numtide",
        "repo": "flake-utils",
        "rev": "11707dc2f618dd54ca8739b309ec4fc024de578b",
        "type": "github"
      },
      "original": {
        "owner": "numtide",
        "repo": "flake-utils",
        "type": "github"
      }
    },
    "home-manager": {
      "inputs": {
        "nixpkgs": [
          "nixpkgs"
        ]
      },
      "locked": {
        "lastModified": 1772020340,
        "narHash": "sha256-aqBl3GNpCadMoJ/hVkWTijM1Aeilc278MjM+LA3jK6g=",
        "owner": "nix-community",
        "repo": "home-manager",
        "rev": "36e38ca0d9afe4c55405fdf22179a5212243eecc",
        "type": "github"
      },
      "original": {
        "owner": "nix-community",
        "ref": "release-25.11",
        "repo": "home-manager",
        "type": "github"
      }
    },
    "ixx": {
      "inputs": {
        "flake-utils": [
          "lifantsev-nixvim",
          "nixvim",
          "nuschtosSearch",
          "flake-utils"
        ],
        "nixpkgs": [
          "lifantsev-nixvim",
          "nixvim",
          "nuschtosSearch",
          "nixpkgs"
        ]
      },
      "locked": {
        "lastModified": 1754860581,
        "narHash": "sha256-EM0IE63OHxXCOpDHXaTyHIOk2cNvMCGPqLt/IdtVxgk=",
        "owner": "NuschtOS",
        "repo": "ixx",
        "rev": "babfe85a876162c4acc9ab6fb4483df88fa1f281",
        "type": "github"
      },
      "original": {
        "owner": "NuschtOS",
        "ref": "v0.1.1",
        "repo": "ixx",
        "type": "github"
      }
    },
    "lg": {
      "inputs": {
        "nixpkgs": [
          "nixpkgs"
        ]
      },
      "locked": {
        "lastModified": 1777792650,
        "narHash": "sha256-R+vN2ml7O0z50e/7u2ilvWTA43iaPwd5VvFGP1zHn/w=",
        "owner": "lifantsev",
        "repo": "lg",
        "rev": "d1347146798816d7e1bbe5968fa935c422b105d5",
        "type": "github"
      },
      "original": {
        "owner": "lifantsev",
        "repo": "lg",
        "type": "github"
      }
    },
    "lifantsev-nixvim": {
      "inputs": {
        "nixpkgs": [
          "nixpkgs"
        ],
        "nixvim": "nixvim"
      },
      "locked": {
        "lastModified": 1777168072,
        "narHash": "sha256-2f++uVLBr0tijc7YW46e485v4TcL7gYZ1X41XODPioo=",
        "owner": "lifantsev",
        "repo": "nixvim",
        "rev": "561b59b9841609bb0b298b9c038ec466faf61c99",
        "type": "github"
      },
      "original": {
        "owner": "lifantsev",
        "repo": "nixvim",
        "type": "github"
      }
    },
    "niri-bind-modes": {
      "locked": {
        "lastModified": 1777677036,
        "narHash": "sha256-8kkW3yi6gkTP3LMunHHbbb/egnt6uDrBeFUhGw21gJM=",
        "owner": "lifantsev",
        "repo": "niri-bind-modes",
        "rev": "e97c5645bd387846231e73d4854895553aec0b86",
        "type": "github"
      },
      "original": {
        "owner": "lifantsev",
        "repo": "niri-bind-modes",
        "type": "github"
      }
    },
    "niridrop": {
      "inputs": {
        "lg": [
          "lg"
        ],
        "nixpkgs": [
          "nixpkgs"
        ]
      },
      "locked": {
        "lastModified": 1777792954,
        "narHash": "sha256-dEE3VBHDA6DNJk3/92JZlg4zyF0sxNuf3AcXmCkNFRg=",
        "owner": "lifantsev",
        "repo": "niridrop",
        "rev": "2e5ed87882b14aedb4caeeae2818b8d66d84e37b",
        "type": "github"
      },
      "original": {
        "owner": "lifantsev",
        "repo": "niridrop",
        "type": "github"
      }
    },
    "nixpkgs": {
      "locked": {
        "lastModified": 1768323494,
        "narHash": "sha256-yBXJLE6WCtrGo7LKiB6NOt6nisBEEkguC/lq/rP3zRQ=",
        "owner": "NixOS",
        "repo": "nixpkgs",
        "rev": "2c3e5ec5df46d3aeee2a1da0bfedd74e21f4bf3a",
        "type": "github"
      },
      "original": {
        "owner": "NixOS",
        "ref": "nixos-25.11",
        "repo": "nixpkgs",
        "type": "github"
      }
    },
    "nixpkgs_2": {
      "locked": {
        "lastModified": 1771903837,
        "narHash": "sha256-sdaqdnsQCv3iifzxwB22tUwN/fSHoN7j2myFW5EIkGk=",
        "owner": "nixos",
        "repo": "nixpkgs",
        "rev": "e764fc9a405871f1f6ca3d1394fb422e0a0c3951",
        "type": "github"
      },
      "original": {
        "owner": "nixos",
        "ref": "nixos-25.11",
        "repo": "nixpkgs",
        "type": "github"
      }
    },
    "nixvim": {
      "inputs": {
        "flake-parts": "flake-parts",
        "nixpkgs": "nixpkgs",
        "nuschtosSearch": "nuschtosSearch",
        "systems": "systems_2"
      },
      "locked": {
        "lastModified": 1769049374,
        "narHash": "sha256-h0Os2qqNyycDY1FyZgtbn28VF1ySP74/n0f+LDd8j+w=",
        "owner": "nix-community",
        "repo": "nixvim",
        "rev": "b8f76bf5751835647538ef8784e4e6ee8deb8f95",
        "type": "github"
      },
      "original": {
        "owner": "nix-community",
        "ref": "nixos-25.11",
        "repo": "nixvim",
        "type": "github"
      }
    },
    "nuschtosSearch": {
      "inputs": {
        "flake-utils": "flake-utils",
        "ixx": "ixx",
        "nixpkgs": [
          "lifantsev-nixvim",
          "nixvim",
          "nixpkgs"
        ]
      },
      "locked": {
        "lastModified": 1768249818,
        "narHash": "sha256-ANfn5OqIxq3HONPIXZ6zuI5sLzX1sS+2qcf/Pa0kQEc=",
        "owner": "NuschtOS",
        "repo": "search",
        "rev": "b6f77b88e9009bfde28e2130e218e5123dc66796",
        "type": "github"
      },
      "original": {
        "owner": "NuschtOS",
        "repo": "search",
        "type": "github"
      }
    },
    "pinentry-niridrop": {
      "inputs": {
        "lg": [
          "lg"
        ],
        "niridrop": [
          "niridrop"
        ],
        "nixpkgs": [
          "nixpkgs"
        ]
      },
      "locked": {
        "lastModified": 1778026665,
        "narHash": "sha256-SWENISAIPOmwudTePBVGiN//H2/n4u77mdzdLhn/Uo0=",
        "owner": "lifantsev",
        "repo": "pinentry-niridrop",
        "rev": "bf7d7895142f9399a5964fe50c419000449777ad",
        "type": "github"
      },
      "original": {
        "owner": "lifantsev",
        "repo": "pinentry-niridrop",
        "type": "github"
      }
    },
    "root": {
      "inputs": {
        "dropmenu": "dropmenu",
        "home-manager": "home-manager",
        "lg": "lg",
        "lifantsev-nixvim": "lifantsev-nixvim",
        "niri-bind-modes": "niri-bind-modes",
        "niridrop": "niridrop",
        "nixpkgs": "nixpkgs_2",
        "pinentry-niridrop": "pinentry-niridrop"
      }
    },
    "systems": {
      "locked": {
        "lastModified": 1681028828,
        "narHash": "sha256-Vy1rq5AaRuLzOxct8nz4T6wlgyUR7zLU309k9mBC768=",
        "owner": "nix-systems",
        "repo": "default",
        "rev": "da67096a3b9bf56a91d16901293e51ba5b49a27e",
        "type": "github"
      },
      "original": {
        "owner": "nix-systems",
        "repo": "default",
        "type": "github"
      }
    },
    "systems_2": {
      "locked": {
        "lastModified": 1681028828,
        "narHash": "sha256-Vy1rq5AaRuLzOxct8nz4T6wlgyUR7zLU309k9mBC768=",
        "owner": "nix-systems",
        "repo": "default",
        "rev": "da67096a3b9bf56a91d16901293e51ba5b49a27e",
        "type": "github"
      },
      "original": {
        "owner": "nix-systems",
        "repo": "default",
        "type": "github"
      }
    }
  },
  "root": "root",
  "version": 7
}
